
Microsoft Visual Studio Solution File, Format Version 12.00
# Visual Studio Version 16
VisualStudioVersion = 16.0.30413.136
MinimumVisualStudioVersion = 10.0.40219.1
Project("{9A19103F-16F7-4668-BE54-9A1E7A4F7556}") = "SimpleWebHalloWorld", "web\SimpleWebHalloWorld.csproj", "{BA9510B7-9223-4977-876A-6A0690A6C45E}"
EndProject
Project("{9A19103F-16F7-4668-BE54-9A1E7A4F7556}") = "SimpleWebHalloWorld_tests", "SimpleWebHalloWorld_tests\SimpleWebHalloWorld_tests.csproj", "{CCA1D25E-5166-405C-B900-BE4BE1253726}"
EndProject
Global
	GlobalSection(SolutionConfigurationPlatforms) = preSolution
		Debug|Any CPU = Debug|Any CPU
		Release|Any CPU = Release|Any CPU
	EndGlobalSection
	GlobalSection(ProjectConfigurationPlatforms) = postSolution
		{BA9510B7-9223-4977-876A-6A0690A6C45E}.Debug|Any CPU.ActiveCfg = Debug|Any CPU
		{BA9510B7-9223-4977-876A-6A0690A6C45E}.Debug|Any CPU.Build.0 = Debug|Any CPU
		{BA9510B7-9223-4977-876A-6A0690A6C45E}.Release|Any CPU.ActiveCfg = Release|Any CPU
		{BA9510B7-9223-4977-876A-6A0690A6C45E}.Release|Any CPU.Build.0 = Release|Any CPU
		{CCA1D25E-5166-405C-B900-BE4BE1253726}.Debug|Any CPU.ActiveCfg = Debug|Any CPU
		{CCA1D25E-5166-405C-B900-BE4BE1253726}.Debug|Any CPU.Build.0 = Debug|Any CPU
		{CCA1D25E-5166-405C-B900-BE4BE1253726}.Release|Any CPU.ActiveCfg = Release|Any CPU
		{CCA1D25E-5166-405C-B900-BE4BE1253726}.Release|Any CPU.Build.0 = Release|Any CPU
	EndGlobalSection
	GlobalSection(SolutionProperties) = preSolution
		HideSolutionNode = FALSE
	EndGlobalSection
	GlobalSection(ExtensibilityGlobals) = postSolution
		SolutionGuid = {62C0812D-653F-4D60-93C6-BF03DAD8480B}
	EndGlobalSection
EndGlobal
